
Microsoft Visual Studio Solution File, Format Version 12.00
# Visual Studio 15
VisualStudioVersion = 15.0.28010.2050
MinimumVisualStudioVersion = 10.0.40219.1
Project("{2150E333-8FDC-42A3-9474-1A3956D46DE8}") = "Item01 - Criar e aplicar atributos", "Item01 - Criar e aplicar atributos", "{EAE77BC2-F085-4BBA-AE99-D34EC1DED3EA}"
EndProject
Project("{2150E333-8FDC-42A3-9474-1A3956D46DE8}") = "Item02 - Ler os atributos", "Item02 - Ler os atributos", "{AEA4BC03-1EDD-4C66-8A35-6201E407D86F}"
EndProject
Project("{2150E333-8FDC-42A3-9474-1A3956D46DE8}") = "Item03 - Usar reflection", "Item03 - Usar reflection", "{A643EB71-F95A-4C69-A653-2537D1769911}"
EndProject
Project("{2150E333-8FDC-42A3-9474-1A3956D46DE8}") = "Item04 - Geração de código", "Item04 - Geração de código", "{EBFB58AB-647B-4625-B54D-1E9376324326}"
EndProject
Project("{2150E333-8FDC-42A3-9474-1A3956D46DE8}") = "Item05 - Tipos do System.Reflection", "Item05 - Tipos do System.Reflection", "{B28CC3C5-E3A1-4C96-BC7C-89CE671C0F78}"
EndProject
Project("{2150E333-8FDC-42A3-9474-1A3956D46DE8}") = "antes - código de aluno", "antes - código de aluno", "{B5F52C54-60ED-4758-87C9-0CB0BBD06EFF}"
EndProject
Project("{2150E333-8FDC-42A3-9474-1A3956D46DE8}") = "depois - código do instrutor", "depois - código do instrutor", "{5E141E06-AC80-4E60-A4D9-EE44B8797A67}"
EndProject
Project("{2150E333-8FDC-42A3-9474-1A3956D46DE8}") = "Item01 - Criar e aplicar atributos", "Item01 - Criar e aplicar atributos", "{D1C46979-DC2A-45CE-A3F9-991FF363811F}"
EndProject
Project("{2150E333-8FDC-42A3-9474-1A3956D46DE8}") = "Item02 - Ler os atributos", "Item02 - Ler os atributos", "{B00BBC45-874D-473C-93CB-049D1D51C497}"
EndProject
Project("{2150E333-8FDC-42A3-9474-1A3956D46DE8}") = "Item03 - Usar reflection", "Item03 - Usar reflection", "{24D55590-31CB-4DC6-9FE4-03D68D825269}"
EndProject
Project("{2150E333-8FDC-42A3-9474-1A3956D46DE8}") = "Item04 - Geração de código", "Item04 - Geração de código", "{851E8C21-6C29-41BC-8984-EB798BE6B09F}"
EndProject
Project("{2150E333-8FDC-42A3-9474-1A3956D46DE8}") = "Item05 - Tipos do System.Reflection", "Item05 - Tipos do System.Reflection", "{F5167FD6-4FB8-4727-8EC0-AD0BF177DE84}"
EndProject
Project("{9A19103F-16F7-4668-BE54-9A1E7A4F7556}") = "Programa01", "depois\Programa01\Programa01.csproj", "{029D63BE-6034-4AE1-8CE6-C00228CEAA43}"
EndProject
Project("{9A19103F-16F7-4668-BE54-9A1E7A4F7556}") = "Programa02", "depois\Programa02\Programa02.csproj", "{1DE9DFE4-5361-4A55-B0AB-8A3CFFBBFB84}"
EndProject
Project("{9A19103F-16F7-4668-BE54-9A1E7A4F7556}") = "Programa03", "depois\Programa03\Programa03.csproj", "{61FC399F-896A-44B6-8627-DE0F8023DBBB}"
EndProject
Project("{9A19103F-16F7-4668-BE54-9A1E7A4F7556}") = "Programa04", "depois\Programa04\Programa04.csproj", "{7F03A424-A7B9-4476-9253-15B3A97F3A98}"
EndProject
Project("{9A19103F-16F7-4668-BE54-9A1E7A4F7556}") = "Programa04.1", "depois\Programa04.1\Programa04.1.csproj", "{9EF0B8E3-4F9A-4096-9579-D68E2CCA3EF9}"
EndProject
Project("{9A19103F-16F7-4668-BE54-9A1E7A4F7556}") = "Programa05", "depois\Programa05\Programa05.csproj", "{5A2C351D-ABA2-418B-AA31-C2032DA47700}"
EndProject
Project("{9A19103F-16F7-4668-BE54-9A1E7A4F7556}") = "Programa05.1", "depois\Programa05.1\Programa05.1.csproj", "{99A70EB2-97F3-4FC4-98DE-A4F91AFF7B6C}"
EndProject
Project("{9A19103F-16F7-4668-BE54-9A1E7A4F7556}") = "Programa01", "antes\Programa01\Programa01.csproj", "{861B1951-45BD-4B20-B635-368CA6B3FD12}"
EndProject
Project("{9A19103F-16F7-4668-BE54-9A1E7A4F7556}") = "Programa02", "antes\Programa02\Programa02.csproj", "{BD8CE0B1-13A5-4B38-9C9F-C2DF7B021E82}"
EndProject
Project("{9A19103F-16F7-4668-BE54-9A1E7A4F7556}") = "Programa03", "antes\Programa03\Programa03.csproj", "{8F723284-0F20-46A8-932E-3518E978AB73}"
EndProject
Project("{9A19103F-16F7-4668-BE54-9A1E7A4F7556}") = "Programa04", "antes\Programa04\Programa04.csproj", "{5529CCB8-7CC1-458C-8DCB-96DB6564026A}"
EndProject
Project("{9A19103F-16F7-4668-BE54-9A1E7A4F7556}") = "Programa04.1", "antes\Programa04.1\Programa04.1.csproj", "{3E0A9827-B32E-43ED-A55D-536964AEBB68}"
EndProject
Project("{9A19103F-16F7-4668-BE54-9A1E7A4F7556}") = "Programa05", "antes\Programa05\Programa05.csproj", "{DE3EBD50-D24C-44AD-9435-69510BDFEF97}"
EndProject
Project("{9A19103F-16F7-4668-BE54-9A1E7A4F7556}") = "Programa05.1", "antes\Programa05.1\Programa05.1.csproj", "{AB0DC70B-0297-4721-AC2B-9484C8FB733D}"
EndProject
Global
	GlobalSection(SolutionConfigurationPlatforms) = preSolution
		Debug|Any CPU = Debug|Any CPU
		Release|Any CPU = Release|Any CPU
	EndGlobalSection
	GlobalSection(ProjectConfigurationPlatforms) = postSolution
		{029D63BE-6034-4AE1-8CE6-C00228CEAA43}.Debug|Any CPU.ActiveCfg = Debug|Any CPU
		{029D63BE-6034-4AE1-8CE6-C00228CEAA43}.Debug|Any CPU.Build.0 = Debug|Any CPU
		{029D63BE-6034-4AE1-8CE6-C00228CEAA43}.Release|Any CPU.ActiveCfg = Release|Any CPU
		{029D63BE-6034-4AE1-8CE6-C00228CEAA43}.Release|Any CPU.Build.0 = Release|Any CPU
		{1DE9DFE4-5361-4A55-B0AB-8A3CFFBBFB84}.Debug|Any CPU.ActiveCfg = Debug|Any CPU
		{1DE9DFE4-5361-4A55-B0AB-8A3CFFBBFB84}.Debug|Any CPU.Build.0 = Debug|Any CPU
		{1DE9DFE4-5361-4A55-B0AB-8A3CFFBBFB84}.Release|Any CPU.ActiveCfg = Release|Any CPU
		{1DE9DFE4-5361-4A55-B0AB-8A3CFFBBFB84}.Release|Any CPU.Build.0 = Release|Any CPU
		{61FC399F-896A-44B6-8627-DE0F8023DBBB}.Debug|Any CPU.ActiveCfg = Debug|Any CPU
		{61FC399F-896A-44B6-8627-DE0F8023DBBB}.Debug|Any CPU.Build.0 = Debug|Any CPU
		{61FC399F-896A-44B6-8627-DE0F8023DBBB}.Release|Any CPU.ActiveCfg = Release|Any CPU
		{61FC399F-896A-44B6-8627-DE0F8023DBBB}.Release|Any CPU.Build.0 = Release|Any CPU
		{7F03A424-A7B9-4476-9253-15B3A97F3A98}.Debug|Any CPU.ActiveCfg = Debug|Any CPU
		{7F03A424-A7B9-4476-9253-15B3A97F3A98}.Debug|Any CPU.Build.0 = Debug|Any CPU
		{7F03A424-A7B9-4476-9253-15B3A97F3A98}.Release|Any CPU.ActiveCfg = Release|Any CPU
		{7F03A424-A7B9-4476-9253-15B3A97F3A98}.Release|Any CPU.Build.0 = Release|Any CPU
		{9EF0B8E3-4F9A-4096-9579-D68E2CCA3EF9}.Debug|Any CPU.ActiveCfg = Debug|Any CPU
		{9EF0B8E3-4F9A-4096-9579-D68E2CCA3EF9}.Debug|Any CPU.Build.0 = Debug|Any CPU
		{9EF0B8E3-4F9A-4096-9579-D68E2CCA3EF9}.Release|Any CPU.ActiveCfg = Release|Any CPU
		{9EF0B8E3-4F9A-4096-9579-D68E2CCA3EF9}.Release|Any CPU.Build.0 = Release|Any CPU
		{5A2C351D-ABA2-418B-AA31-C2032DA47700}.Debug|Any CPU.ActiveCfg = Debug|Any CPU
		{5A2C351D-ABA2-418B-AA31-C2032DA47700}.Debug|Any CPU.Build.0 = Debug|Any CPU
		{5A2C351D-ABA2-418B-AA31-C2032DA47700}.Release|Any CPU.ActiveCfg = Release|Any CPU
		{5A2C351D-ABA2-418B-AA31-C2032DA47700}.Release|Any CPU.Build.0 = Release|Any CPU
		{99A70EB2-97F3-4FC4-98DE-A4F91AFF7B6C}.Debug|Any CPU.ActiveCfg = Debug|Any CPU
		{99A70EB2-97F3-4FC4-98DE-A4F91AFF7B6C}.Debug|Any CPU.Build.0 = Debug|Any CPU
		{99A70EB2-97F3-4FC4-98DE-A4F91AFF7B6C}.Release|Any CPU.ActiveCfg = Release|Any CPU
		{99A70EB2-97F3-4FC4-98DE-A4F91AFF7B6C}.Release|Any CPU.Build.0 = Release|Any CPU
		{861B1951-45BD-4B20-B635-368CA6B3FD12}.Debug|Any CPU.ActiveCfg = Debug|Any CPU
		{861B1951-45BD-4B20-B635-368CA6B3FD12}.Debug|Any CPU.Build.0 = Debug|Any CPU
		{861B1951-45BD-4B20-B635-368CA6B3FD12}.Release|Any CPU.ActiveCfg = Release|Any CPU
		{861B1951-45BD-4B20-B635-368CA6B3FD12}.Release|Any CPU.Build.0 = Release|Any CPU
		{BD8CE0B1-13A5-4B38-9C9F-C2DF7B021E82}.Debug|Any CPU.ActiveCfg = Debug|Any CPU
		{BD8CE0B1-13A5-4B38-9C9F-C2DF7B021E82}.Debug|Any CPU.Build.0 = Debug|Any CPU
		{BD8CE0B1-13A5-4B38-9C9F-C2DF7B021E82}.Release|Any CPU.ActiveCfg = Release|Any CPU
		{BD8CE0B1-13A5-4B38-9C9F-C2DF7B021E82}.Release|Any CPU.Build.0 = Release|Any CPU
		{8F723284-0F20-46A8-932E-3518E978AB73}.Debug|Any CPU.ActiveCfg = Debug|Any CPU
		{8F723284-0F20-46A8-932E-3518E978AB73}.Debug|Any CPU.Build.0 = Debug|Any CPU
		{8F723284-0F20-46A8-932E-3518E978AB73}.Release|Any CPU.ActiveCfg = Release|Any CPU
		{8F723284-0F20-46A8-932E-3518E978AB73}.Release|Any CPU.Build.0 = Release|Any CPU
		{5529CCB8-7CC1-458C-8DCB-96DB6564026A}.Debug|Any CPU.ActiveCfg = Debug|Any CPU
		{5529CCB8-7CC1-458C-8DCB-96DB6564026A}.Debug|Any CPU.Build.0 = Debug|Any CPU
		{5529CCB8-7CC1-458C-8DCB-96DB6564026A}.Release|Any CPU.ActiveCfg = Release|Any CPU
		{5529CCB8-7CC1-458C-8DCB-96DB6564026A}.Release|Any CPU.Build.0 = Release|Any CPU
		{3E0A9827-B32E-43ED-A55D-536964AEBB68}.Debug|Any CPU.ActiveCfg = Debug|Any CPU
		{3E0A9827-B32E-43ED-A55D-536964AEBB68}.Debug|Any CPU.Build.0 = Debug|Any CPU
		{3E0A9827-B32E-43ED-A55D-536964AEBB68}.Release|Any CPU.ActiveCfg = Release|Any CPU
		{3E0A9827-B32E-43ED-A55D-536964AEBB68}.Release|Any CPU.Build.0 = Release|Any CPU
		{DE3EBD50-D24C-44AD-9435-69510BDFEF97}.Debug|Any CPU.ActiveCfg = Debug|Any CPU
		{DE3EBD50-D24C-44AD-9435-69510BDFEF97}.Debug|Any CPU.Build.0 = Debug|Any CPU
		{DE3EBD50-D24C-44AD-9435-69510BDFEF97}.Release|Any CPU.ActiveCfg = Release|Any CPU
		{DE3EBD50-D24C-44AD-9435-69510BDFEF97}.Release|Any CPU.Build.0 = Release|Any CPU
		{AB0DC70B-0297-4721-AC2B-9484C8FB733D}.Debug|Any CPU.ActiveCfg = Debug|Any CPU
		{AB0DC70B-0297-4721-AC2B-9484C8FB733D}.Debug|Any CPU.Build.0 = Debug|Any CPU
		{AB0DC70B-0297-4721-AC2B-9484C8FB733D}.Release|Any CPU.ActiveCfg = Release|Any CPU
		{AB0DC70B-0297-4721-AC2B-9484C8FB733D}.Release|Any CPU.Build.0 = Release|Any CPU
	EndGlobalSection
	GlobalSection(SolutionProperties) = preSolution
		HideSolutionNode = FALSE
	EndGlobalSection
	GlobalSection(NestedProjects) = preSolution
		{EAE77BC2-F085-4BBA-AE99-D34EC1DED3EA} = {B5F52C54-60ED-4758-87C9-0CB0BBD06EFF}
		{AEA4BC03-1EDD-4C66-8A35-6201E407D86F} = {B5F52C54-60ED-4758-87C9-0CB0BBD06EFF}
		{A643EB71-F95A-4C69-A653-2537D1769911} = {B5F52C54-60ED-4758-87C9-0CB0BBD06EFF}
		{EBFB58AB-647B-4625-B54D-1E9376324326} = {B5F52C54-60ED-4758-87C9-0CB0BBD06EFF}
		{B28CC3C5-E3A1-4C96-BC7C-89CE671C0F78} = {B5F52C54-60ED-4758-87C9-0CB0BBD06EFF}
		{D1C46979-DC2A-45CE-A3F9-991FF363811F} = {5E141E06-AC80-4E60-A4D9-EE44B8797A67}
		{B00BBC45-874D-473C-93CB-049D1D51C497} = {5E141E06-AC80-4E60-A4D9-EE44B8797A67}
		{24D55590-31CB-4DC6-9FE4-03D68D825269} = {5E141E06-AC80-4E60-A4D9-EE44B8797A67}
		{851E8C21-6C29-41BC-8984-EB798BE6B09F} = {5E141E06-AC80-4E60-A4D9-EE44B8797A67}
		{F5167FD6-4FB8-4727-8EC0-AD0BF177DE84} = {5E141E06-AC80-4E60-A4D9-EE44B8797A67}
		{029D63BE-6034-4AE1-8CE6-C00228CEAA43} = {D1C46979-DC2A-45CE-A3F9-991FF363811F}
		{1DE9DFE4-5361-4A55-B0AB-8A3CFFBBFB84} = {B00BBC45-874D-473C-93CB-049D1D51C497}
		{61FC399F-896A-44B6-8627-DE0F8023DBBB} = {24D55590-31CB-4DC6-9FE4-03D68D825269}
		{7F03A424-A7B9-4476-9253-15B3A97F3A98} = {851E8C21-6C29-41BC-8984-EB798BE6B09F}
		{9EF0B8E3-4F9A-4096-9579-D68E2CCA3EF9} = {851E8C21-6C29-41BC-8984-EB798BE6B09F}
		{5A2C351D-ABA2-418B-AA31-C2032DA47700} = {F5167FD6-4FB8-4727-8EC0-AD0BF177DE84}
		{99A70EB2-97F3-4FC4-98DE-A4F91AFF7B6C} = {F5167FD6-4FB8-4727-8EC0-AD0BF177DE84}
		{861B1951-45BD-4B20-B635-368CA6B3FD12} = {EAE77BC2-F085-4BBA-AE99-D34EC1DED3EA}
		{BD8CE0B1-13A5-4B38-9C9F-C2DF7B021E82} = {AEA4BC03-1EDD-4C66-8A35-6201E407D86F}
		{8F723284-0F20-46A8-932E-3518E978AB73} = {A643EB71-F95A-4C69-A653-2537D1769911}
		{5529CCB8-7CC1-458C-8DCB-96DB6564026A} = {EBFB58AB-647B-4625-B54D-1E9376324326}
		{3E0A9827-B32E-43ED-A55D-536964AEBB68} = {EBFB58AB-647B-4625-B54D-1E9376324326}
		{DE3EBD50-D24C-44AD-9435-69510BDFEF97} = {B28CC3C5-E3A1-4C96-BC7C-89CE671C0F78}
		{AB0DC70B-0297-4721-AC2B-9484C8FB733D} = {B28CC3C5-E3A1-4C96-BC7C-89CE671C0F78}
	EndGlobalSection
	GlobalSection(ExtensibilityGlobals) = postSolution
		SolutionGuid = {0677A4D3-60C0-4EB2-82EB-008BAD027E4C}
	EndGlobalSection
EndGlobal
